// !$*UTF8*$!
{
	archiveVersion = 1;
	classes = {
	};
	objectVersion = 50;
	objects = {

/* Begin PBXBuildFile section */
		4AA27E20243AF6E50086A5F1 /* AppDelegate.swift in Sources */ = {isa = PBXBuildFile; fileRef = 4AA27E1F243AF6E50086A5F1 /* AppDelegate.swift */; };
		4AA27E22243AF6E50086A5F1 /* SceneDelegate.swift in Sources */ = {isa = PBXBuildFile; fileRef = 4AA27E21243AF6E50086A5F1 /* SceneDelegate.swift */; };
		4AA27E24243AF6E50086A5F1 /* ContentView.swift in Sources */ = {isa = PBXBuildFile; fileRef = 4AA27E23243AF6E50086A5F1 /* ContentView.swift */; };
		4AA27E26243AF6E60086A5F1 /* Assets.xcassets in Resources */ = {isa = PBXBuildFile; fileRef = 4AA27E25243AF6E60086A5F1 /* Assets.xcassets */; };
		4AA27E29243AF6E60086A5F1 /* Preview Assets.xcassets in Resources */ = {isa = PBXBuildFile; fileRef = 4AA27E28243AF6E60086A5F1 /* Preview Assets.xcassets */; };
		4AA27E2C243AF6E60086A5F1 /* LaunchScreen.storyboard in Resources */ = {isa = PBXBuildFile; fileRef = 4AA27E2A243AF6E60086A5F1 /* LaunchScreen.storyboard */; };
		4AA27E3C243B13630086A5F1 /* AmaticSC-Regular.ttf in Resources */ = {isa = PBXBuildFile; fileRef = 4AA27E3A243B13630086A5F1 /* AmaticSC-Regular.ttf */; };
		4AA27E3F243B13EB0086A5F1 /* AmaticSC-Bold.ttf in Resources */ = {isa = PBXBuildFile; fileRef = 4AA27E3E243B13EB0086A5F1 /* AmaticSC-Bold.ttf */; };
		4AA27E43243B1F600086A5F1 /* InfoView.swift in Sources */ = {isa = PBXBuildFile; fileRef = 4AA27E42243B1F600086A5F1 /* InfoView.swift */; };
/* End PBXBuildFile section */

/* Begin PBXFileReference section */
		4AA27E1C243AF6E50086A5F1 /* JudahCard.app */ = {isa = PBXFileReference; explicitFileType = wrapper.application; includeInIndex = 0; path = JudahCard.app; sourceTree = BUILT_PRODUCTS_DIR; };
		4AA27E1F243AF6E50086A5F1 /* AppDelegate.swift */ = {isa = PBXFileReference; lastKnownFileType = sourcecode.swift; path = AppDelegate.swift; sourceTree = "<group>"; };
		4AA27E21243AF6E50086A5F1 /* SceneDelegate.swift */ = {isa = PBXFileReference; lastKnownFileType = sourcecode.swift; path = SceneDelegate.swift; sourceTree = "<group>"; };
		4AA27E23243AF6E50086A5F1 /* ContentView.swift */ = {isa = PBXFileReference; lastKnownFileType = sourcecode.swift; path = ContentView.swift; sourceTree = "<group>"; };
		4AA27E25243AF6E60086A5F1 /* Assets.xcassets */ = {isa = PBXFileReference; lastKnownFileType = folder.assetcatalog; path = Assets.xcassets; sourceTree = "<group>"; };
		4AA27E28243AF6E60086A5F1 /* Preview Assets.xcassets */ = {isa = PBXFileReference; lastKnownFileType = folder.assetcatalog; path = "Preview Assets.xcassets"; sourceTree = "<group>"; };
		4AA27E2B243AF6E60086A5F1 /* Base */ = {isa = PBXFileReference; lastKnownFileType = file.storyboard; name = Base; path = Base.lproj/LaunchScreen.storyboard; sourceTree = "<group>"; };
		4AA27E2D243AF6E60086A5F1 /* Info.plist */ = {isa = PBXFileReference; lastKnownFileType = text.plist.xml; path = Info.plist; sourceTree = "<group>"; };
		4AA27E3A243B13630086A5F1 /* AmaticSC-Regular.ttf */ = {isa = PBXFileReference; lastKnownFileType = file; name = "AmaticSC-Regular.ttf"; path = "../../../../_Fonts/Amatic_SC/AmaticSC-Regular.ttf"; sourceTree = "<group>"; };
		4AA27E3E243B13EB0086A5F1 /* AmaticSC-Bold.ttf */ = {isa = PBXFileReference; lastKnownFileType = file; name = "AmaticSC-Bold.ttf"; path = "../../../../_Fonts/Amatic_SC/AmaticSC-Bold.ttf"; sourceTree = "<group>"; };
		4AA27E42243B1F600086A5F1 /* InfoView.swift */ = {isa = PBXFileReference; lastKnownFileType = sourcecode.swift; path = InfoView.swift; sourceTree = "<group>"; };
/* End PBXFileReference section */

/* Begin PBXFrameworksBuildPhase section */
		4AA27E19243AF6E50086A5F1 /* Frameworks */ = {
			isa = PBXFrameworksBuildPhase;
			buildActionMask = 2147483647;
			files = (
			);
			runOnlyForDeploymentPostprocessing = 0;
		};
/* End PBXFrameworksBuildPhase section */

/* Begin PBXGroup section */
		4AA27E13243AF6E50086A5F1 = {
			isa = PBXGroup;
			children = (
				4AA27E1E243AF6E50086A5F1 /* JudahCard */,
				4AA27E1D243AF6E50086A5F1 /* Products */,
			);
			sourceTree = "<group>";
		};
		4AA27E1D243AF6E50086A5F1 /* Products */ = {
			isa = PBXGroup;
			children = (
				4AA27E1C243AF6E50086A5F1 /* JudahCard.app */,
			);
			name = Products;
			sourceTree = "<group>";
		};
		4AA27E1E243AF6E50086A5F1 /* JudahCard */ = {
			isa = PBXGroup;
			children = (
				4AA27E33243AFD6C0086A5F1 /* Fonts */,
				4AA27E1F243AF6E50086A5F1 /* AppDelegate.swift */,
				4AA27E21243AF6E50086A5F1 /* SceneDelegate.swift */,
				4AA27E23243AF6E50086A5F1 /* ContentView.swift */,
				4AA27E42243B1F600086A5F1 /* InfoView.swift */,
				4AA27E25243AF6E60086A5F1 /* Assets.xcassets */,
				4AA27E2A243AF6E60086A5F1 /* LaunchScreen.storyboard */,
				4AA27E2D243AF6E60086A5F1 /* Info.plist */,
				4AA27E27243AF6E60086A5F1 /* Preview Content */,
			);
			path = JudahCard;
			sourceTree = "<group>";
		};
		4AA27E27243AF6E60086A5F1 /* Preview Content */ = {
			isa = PBXGroup;
			children = (
				4AA27E28243AF6E60086A5F1 /* Preview Assets.xcassets */,
			);
			path = "Preview Content";
			sourceTree = "<group>";
		};
		4AA27E33243AFD6C0086A5F1 /* Fonts */ = {
			isa = PBXGroup;
			children = (
				4AA27E3A243B13630086A5F1 /* AmaticSC-Regular.ttf */,
				4AA27E3E243B13EB0086A5F1 /* AmaticSC-Bold.ttf */,
			);
			path = Fonts;
			sourceTree = "<group>";
		};
/* End PBXGroup section */

/* Begin PBXNativeTarget section */
		4AA27E1B243AF6E50086A5F1 /* JudahCard */ = {
			isa = PBXNativeTarget;
			buildConfigurationList = 4AA27E30243AF6E60086A5F1 /* Build configuration list for PBXNativeTarget "JudahCard" */;
			buildPhases = (
				4AA27E18243AF6E50086A5F1 /* Sources */,
				4AA27E19243AF6E50086A5F1 /* Frameworks */,
				4AA27E1A243AF6E50086A5F1 /* Resources */,
			);
			buildRules = (
			);
			dependencies = (
			);
			name = JudahCard;
			productName = JudahCard;
			productReference = 4AA27E1C243AF6E50086A5F1 /* JudahCard.app */;
			productType = "com.apple.product-type.application";
		};
/* End PBXNativeTarget section */

/* Begin PBXProject section */
		4AA27E14243AF6E50086A5F1 /* Project object */ = {
			isa = PBXProject;
			attributes = {
				LastSwiftUpdateCheck = 1130;
				LastUpgradeCheck = 1130;
				ORGANIZATIONNAME = "Judah Hudson";
				TargetAttributes = {
					4AA27E1B243AF6E50086A5F1 = {
						CreatedOnToolsVersion = 11.3.1;
					};
				};
			};
			buildConfigurationList = 4AA27E17243AF6E50086A5F1 /* Build configuration list for PBXProject "JudahCard" */;
			compatibilityVersion = "Xcode 9.3";
			developmentRegion = en;
			hasScannedForEncodings = 0;
			knownRegions = (
				en,
				Base,
			);
			mainGroup = 4AA27E13243AF6E50086A5F1;
			productRefGroup = 4AA27E1D243AF6E50086A5F1 /* Products */;
			projectDirPath = "";
			projectRoot = "";
			targets = (
				4AA27E1B243AF6E50086A5F1 /* JudahCard */,
			);
		};
/* End PBXProject section */

/* Begin PBXResourcesBuildPhase section */
		4AA27E1A243AF6E50086A5F1 /* Resources */ = {
			isa = PBXResourcesBuildPhase;
			buildActionMask = 2147483647;
			files = (
				4AA27E3C243B13630086A5F1 /* AmaticSC-Regular.ttf in Resources */,
				4AA27E3F243B13EB0086A5F1 /* AmaticSC-Bold.ttf in Resources */,
				4AA27E2C243AF6E60086A5F1 /* LaunchScreen.storyboard in Resources */,
				4AA27E29243AF6E60086A5F1 /* Preview Assets.xcassets in Resources */,
				4AA27E26243AF6E60086A5F1 /* Assets.xcassets in Resources */,
			);
			runOnlyForDeploymentPostprocessing = 0;
		};
/* End PBXResourcesBuildPhase section */

/* Begin PBXSourcesBuildPhase section */
		4AA27E18243AF6E50086A5F1 /* Sources */ = {
			isa = PBXSourcesBuildPhase;
			buildActionMask = 2147483647;
			files = (
				4AA27E43243B1F600086A5F1 /* InfoView.swift in Sources */,
				4AA27E20243AF6E50086A5F1 /* AppDelegate.swift in Sources */,
				4AA27E22243AF6E50086A5F1 /* SceneDelegate.swift in Sources */,
				4AA27E24243AF6E50086A5F1 /* ContentView.swift in Sources */,
			);
			runOnlyForDeploymentPostprocessing = 0;
		};
/* End PBXSourcesBuildPhase section */

/* Begin PBXVariantGroup section */
		4AA27E2A243AF6E60086A5F1 /* LaunchScreen.storyboard */ = {
			isa = PBXVariantGroup;
			children = (
				4AA27E2B243AF6E60086A5F1 /* Base */,
			);
			name = LaunchScreen.storyboard;
			sourceTree = "<group>";
		};
/* End PBXVariantGroup section */

/* Begin XCBuildConfiguration section */
		4AA27E2E243AF6E60086A5F1 /* Debug */ = {
			isa = XCBuildConfiguration;
			buildSettings = {
				ALWAYS_SEARCH_USER_PATHS = NO;
				CLANG_ANALYZER_NONNULL = YES;
				CLANG_ANALYZER_NUMBER_OBJECT_CONVERSION = YES_AGGRESSIVE;
				CLANG_CXX_LANGUAGE_STANDARD = "gnu++14";
				CLANG_CXX_LIBRARY = "libc++";
				CLANG_ENABLE_MODULES = YES;
				CLANG_ENABLE_OBJC_ARC = YES;
				CLANG_ENABLE_OBJC_WEAK = YES;
				CLANG_WARN_BLOCK_CAPTURE_AUTORELEASING = YES;
				CLANG_WARN_BOOL_CONVERSION = YES;
				CLANG_WARN_COMMA = YES;
				CLANG_WARN_CONSTANT_CONVERSION = YES;
				CLANG_WARN_DEPRECATED_OBJC_IMPLEMENTATIONS = YES;
				CLANG_WARN_DIRECT_OBJC_ISA_USAGE = YES_ERROR;
				CLANG_WARN_DOCUMENTATION_COMMENTS = YES;
				CLANG_WARN_EMPTY_BODY = YES;
				CLANG_WARN_ENUM_CONVERSION = YES;
				CLANG_WARN_INFINITE_RECURSION = YES;
				CLANG_WARN_INT_CONVERSION = YES;
				CLANG_WARN_NON_LITERAL_NULL_CONVERSION = YES;
				CLANG_WARN_OBJC_IMPLICIT_RETAIN_SELF = YES;
				CLANG_WARN_OBJC_LITERAL_CONVERSION = YES;
				CLANG_WARN_OBJC_ROOT_CLASS = YES_ERROR;
				CLANG_WARN_RANGE_LOOP_ANALYSIS = YES;
				CLANG_WARN_STRICT_PROTOTYPES = YES;
				CLANG_WARN_SUSPICIOUS_MOVE = YES;
				CLANG_WARN_UNGUARDED_AVAILABILITY = YES_AGGRESSIVE;
				CLANG_WARN_UNREACHABLE_CODE = YES;
				CLANG_WARN__DUPLICATE_METHOD_MATCH = YES;
				COPY_PHASE_STRIP = NO;
				DEBUG_INFORMATION_FORMAT = dwarf;
				ENABLE_STRICT_OBJC_MSGSEND = YES;
				ENABLE_TESTABILITY = YES;
				GCC_C_LANGUAGE_STANDARD = gnu11;
				GCC_DYNAMIC_NO_PIC = NO;
				GCC_NO_COMMON_BLOCKS = YES;
				GCC_OPTIMIZATION_LEVEL = 0;
				GCC_PREPROCESSOR_DEFINITIONS = (
					"DEBUG=1",
					"$(inherited)",
				);
				GCC_WARN_64_TO_32_BIT_CONVERSION = YES;
				GCC_WARN_ABOUT_RETURN_TYPE = YES_ERROR;
				GCC_WARN_UNDECLARED_SELECTOR = YES;
				GCC_WARN_UNINITIALIZED_AUTOS = YES_AGGRESSIVE;
				GCC_WARN_UNUSED_FUNCTION = YES;
				GCC_WARN_UNUSED_VARIABLE = YES;
				IPHONEOS_DEPLOYMENT_TARGET = 13.2;
				MTL_ENABLE_DEBUG_INFO = INCLUDE_SOURCE;
				MTL_FAST_MATH = YES;
				ONLY_ACTIVE_ARCH = YES;
				SDKROOT = iphoneos;
				SWIFT_ACTIVE_COMPILATION_CONDITIONS = DEBUG;
				SWIFT_OPTIMIZATION_LEVEL = "-Onone";
			};
			name = Debug;
		};
		4AA27E2F243AF6E60086A5F1 /* Release */ = {
			isa = XCBuildConfiguration;
			buildSettings = {
				ALWAYS_SEARCH_USER_PATHS = NO;
				CLANG_ANALYZER_NONNULL = YES;
				CLANG_ANALYZER_NUMBER_OBJECT_CONVERSION = YES_AGGRESSIVE;
				CLANG_CXX_LANGUAGE_STANDARD = "gnu++14";
				CLANG_CXX_LIBRARY = "libc++";
				CLANG_ENABLE_MODULES = YES;
				CLANG_ENABLE_OBJC_ARC = YES;
				CLANG_ENABLE_OBJC_WEAK = YES;
				CLANG_WARN_BLOCK_CAPTURE_AUTORELEASING = YES;
				CLANG_WARN_BOOL_CONVERSION = YES;
				CLANG_WARN_COMMA = YES;
				CLANG_WARN_CONSTANT_CONVERSION = YES;
				CLANG_WARN_DEPRECATED_OBJC_IMPLEMENTATIONS = YES;
				CLANG_WARN_DIRECT_OBJC_ISA_USAGE = YES_ERROR;
				CLANG_WARN_DOCUMENTATION_COMMENTS = YES;
				CLANG_WARN_EMPTY_BODY = YES;
				CLANG_WARN_ENUM_CONVERSION = YES;
				CLANG_WARN_INFINITE_RECURSION = YES;
				CLANG_WARN_INT_CONVERSION = YES;
				CLANG_WARN_NON_LITERAL_NULL_CONVERSION = YES;
				CLANG_WARN_OBJC_IMPLICIT_RETAIN_SELF = YES;
				CLANG_WARN_OBJC_LITERAL_CONVERSION = YES;
				CLANG_WARN_OBJC_ROOT_CLASS = YES_ERROR;
				CLANG_WARN_RANGE_LOOP_ANALYSIS = YES;
				CLANG_WARN_STRICT_PROTOTYPES = YES;
				CLANG_WARN_SUSPICIOUS_MOVE = YES;
				CLANG_WARN_UNGUARDED_AVAILABILITY = YES_AGGRESSIVE;
				CLANG_WARN_UNREACHABLE_CODE = YES;
				CLANG_WARN__DUPLICATE_METHOD_MATCH = YES;
				COPY_PHASE_STRIP = NO;
				DEBUG_INFORMATION_FORMAT = "dwarf-with-dsym";
				ENABLE_NS_ASSERTIONS = NO;
				ENABLE_STRICT_OBJC_MSGSEND = YES;
				GCC_C_LANGUAGE_STANDARD = gnu11;
				GCC_NO_COMMON_BLOCKS = YES;
				GCC_WARN_64_TO_32_BIT_CONVERSION = YES;
				GCC_WARN_ABOUT_RETURN_TYPE = YES_ERROR;
				GCC_WARN_UNDECLARED_SELECTOR = YES;
				GCC_WARN_UNINITIALIZED_AUTOS = YES_AGGRESSIVE;
				GCC_WARN_UNUSED_FUNCTION = YES;
				GCC_WARN_UNUSED_VARIABLE = YES;
				IPHONEOS_DEPLOYMENT_TARGET = 13.2;
				MTL_ENABLE_DEBUG_INFO = NO;
				MTL_FAST_MATH = YES;
				SDKROOT = iphoneos;
				SWIFT_COMPILATION_MODE = wholemodule;
				SWIFT_OPTIMIZATION_LEVEL = "-O";
				VALIDATE_PRODUCT = YES;
			};
			name = Release;
		};
		4AA27E31243AF6E60086A5F1 /* Debug */ = {
			isa = XCBuildConfiguration;
			buildSettings = {
				ASSETCATALOG_COMPILER_APPICON_NAME = AppIcon;
				CODE_SIGN_STYLE = Automatic;
				DEVELOPMENT_ASSET_PATHS = "\"JudahCard/Preview Content\"";
				DEVELOPMENT_TEAM = 96SU9586NT;
				ENABLE_PREVIEWS = YES;
				INFOPLIST_FILE = JudahCard/Info.plist;
				LD_RUNPATH_SEARCH_PATHS = (
					"$(inherited)",
					"@executable_path/Frameworks",
				);
				PRODUCT_BUNDLE_IDENTIFIER = com.judahthehudson.JudahCard;
				PRODUCT_NAME = "$(TARGET_NAME)";
				SWIFT_VERSION = 5.0;
				TARGETED_DEVICE_FAMILY = "1,2";
			};
			name = Debug;
		};
		4AA27E32243AF6E60086A5F1 /* Release */ = {
			isa = XCBuildConfiguration;
			buildSettings = {
				ASSETCATALOG_COMPILER_APPICON_NAME = AppIcon;
				CODE_SIGN_STYLE = Automatic;
				DEVELOPMENT_ASSET_PATHS = "\"JudahCard/Preview Content\"";
				DEVELOPMENT_TEAM = 96SU9586NT;
				ENABLE_PREVIEWS = YES;
				INFOPLIST_FILE = JudahCard/Info.plist;
				LD_RUNPATH_SEARCH_PATHS = (
					"$(inherited)",
					"@executable_path/Frameworks",
				);
				PRODUCT_BUNDLE_IDENTIFIER = com.judahthehudson.JudahCard;
				PRODUCT_NAME = "$(TARGET_NAME)";
				SWIFT_VERSION = 5.0;
				TARGETED_DEVICE_FAMILY = "1,2";
			};
			name = Release;
		};
/* End XCBuildConfiguration section */

/* Begin XCConfigurationList section */
		4AA27E17243AF6E50086A5F1 /* Build configuration list for PBXProject "JudahCard" */ = {
			isa = XCConfigurationList;
			buildConfigurations = (
				4AA27E2E243AF6E60086A5F1 /* Debug */,
				4AA27E2F243AF6E60086A5F1 /* Release */,
			);
			defaultConfigurationIsVisible = 0;
			defaultConfigurationName = Release;
		};
		4AA27E30243AF6E60086A5F1 /* Build configuration list for PBXNativeTarget "JudahCard" */ = {
			isa = XCConfigurationList;
			buildConfigurations = (
				4AA27E31243AF6E60086A5F1 /* Debug */,
				4AA27E32243AF6E60086A5F1 /* Release */,
			);
			defaultConfigurationIsVisible = 0;
			defaultConfigurationName = Release;
		};
/* End XCConfigurationList section */
	};
	rootObject = 4AA27E14243AF6E50086A5F1 /* Project object */;
}
